
Microsoft Visual Studio Solution File, Format Version 12.00
Project("{FAE04EC0-301F-11D3-BF4B-00C04F79EFBC}") = "SuperDBApp", "SuperDBApp\SuperDBApp.csproj", "{4DD0BD8A-7AA4-4598-9764-A543DC46B64E}"
EndProject
Project("{FAE04EC0-301F-11D3-BF4B-00C04F79EFBC}") = "DbClasses", "DbClasses\DbClasses.csproj", "{D2655493-7270-4579-A1D5-83ACCCB488A6}"
EndProject
Global
	GlobalSection(SolutionConfigurationPlatforms) = preSolution
		Debug|Any CPU = Debug|Any CPU
		Release|Any CPU = Release|Any CPU
	EndGlobalSection
	GlobalSection(ProjectConfigurationPlatforms) = postSolution
		{4DD0BD8A-7AA4-4598-9764-A543DC46B64E}.Debug|Any CPU.ActiveCfg = Debug|Any CPU
		{4DD0BD8A-7AA4-4598-9764-A543DC46B64E}.Debug|Any CPU.Build.0 = Debug|Any CPU
		{4DD0BD8A-7AA4-4598-9764-A543DC46B64E}.Release|Any CPU.ActiveCfg = Release|Any CPU
		{4DD0BD8A-7AA4-4598-9764-A543DC46B64E}.Release|Any CPU.Build.0 = Release|Any CPU
		{D2655493-7270-4579-A1D5-83ACCCB488A6}.Debug|Any CPU.ActiveCfg = Debug|Any CPU
		{D2655493-7270-4579-A1D5-83ACCCB488A6}.Debug|Any CPU.Build.0 = Debug|Any CPU
		{D2655493-7270-4579-A1D5-83ACCCB488A6}.Release|Any CPU.ActiveCfg = Release|Any CPU
		{D2655493-7270-4579-A1D5-83ACCCB488A6}.Release|Any CPU.Build.0 = Release|Any CPU
	EndGlobalSection
EndGlobal
